// !$*UTF8*$!
{
	archiveVersion = 1;
	classes = {
	};
	objectVersion = 56;
	objects = {

/* Begin PBXBuildFile section */
		1E4EE3812937809C00FEBEC1 /* AppDelegate.swift in Sources */ = {isa = PBXBuildFile; fileRef = 1E4EE3802937809C00FEBEC1 /* AppDelegate.swift */; };
		1E4EE3852937809C00FEBEC1 /* LoginViewController.swift in Sources */ = {isa = PBXBuildFile; fileRef = 1E4EE3842937809C00FEBEC1 /* LoginViewController.swift */; };
		1E4EE38A2937809C00FEBEC1 /* Assets.xcassets in Resources */ = {isa = PBXBuildFile; fileRef = 1E4EE3892937809C00FEBEC1 /* Assets.xcassets */; };
		1E4EE38D2937809C00FEBEC1 /* LaunchScreen.storyboard in Resources */ = {isa = PBXBuildFile; fileRef = 1E4EE38B2937809C00FEBEC1 /* LaunchScreen.storyboard */; };
		1E4EE3972937837500FEBEC1 /* LoginView.swift in Sources */ = {isa = PBXBuildFile; fileRef = 1E4EE3962937837500FEBEC1 /* LoginView.swift */; };
		1E5B6163293A0A5E008FFE84 /* AccountSummaryViewController.swift in Sources */ = {isa = PBXBuildFile; fileRef = 1E5B6162293A0A5E008FFE84 /* AccountSummaryViewController.swift */; };
		1E5B6165293A0D44008FFE84 /* AccountSummaryHeaderView.swift in Sources */ = {isa = PBXBuildFile; fileRef = 1E5B6164293A0D44008FFE84 /* AccountSummaryHeaderView.swift */; };
		1E5B6167293A0D73008FFE84 /* AccountSummaryHeaderView.xib in Resources */ = {isa = PBXBuildFile; fileRef = 1E5B6166293A0D73008FFE84 /* AccountSummaryHeaderView.xib */; };
		1E9D5D61293916FB00FF1042 /* OnboardingContainerViewController.swift in Sources */ = {isa = PBXBuildFile; fileRef = 1E9D5D60293916FB00FF1042 /* OnboardingContainerViewController.swift */; };
		1E9D5D6329391E9D00FF1042 /* OnboardingViewController.swift in Sources */ = {isa = PBXBuildFile; fileRef = 1E9D5D6229391E9D00FF1042 /* OnboardingViewController.swift */; };
		1E9D5D6529393CB500FF1042 /* DummyViewController.swift in Sources */ = {isa = PBXBuildFile; fileRef = 1E9D5D6429393CB500FF1042 /* DummyViewController.swift */; };
		1E9D5D68293940EA00FF1042 /* LocalState.swift in Sources */ = {isa = PBXBuildFile; fileRef = 1E9D5D67293940EA00FF1042 /* LocalState.swift */; };
		1E9D5D6A2939468800FF1042 /* UIViewController+Utils.swift in Sources */ = {isa = PBXBuildFile; fileRef = 1E9D5D692939468800FF1042 /* UIViewController+Utils.swift */; };
		1E9D5D6C293947FE00FF1042 /* MainViewController.swift in Sources */ = {isa = PBXBuildFile; fileRef = 1E9D5D6B293947FE00FF1042 /* MainViewController.swift */; };
		1ED6C5C7293A19DB00373448 /* AccountSummaryCell.swift in Sources */ = {isa = PBXBuildFile; fileRef = 1ED6C5C6293A19DB00373448 /* AccountSummaryCell.swift */; };
/* End PBXBuildFile section */

/* Begin PBXFileReference section */
		1E4EE37D2937809C00FEBEC1 /* Bankey.app */ = {isa = PBXFileReference; explicitFileType = wrapper.application; includeInIndex = 0; path = Bankey.app; sourceTree = BUILT_PRODUCTS_DIR; };
		1E4EE3802937809C00FEBEC1 /* AppDelegate.swift */ = {isa = PBXFileReference; lastKnownFileType = sourcecode.swift; path = AppDelegate.swift; sourceTree = "<group>"; };
		1E4EE3842937809C00FEBEC1 /* LoginViewController.swift */ = {isa = PBXFileReference; lastKnownFileType = sourcecode.swift; path = LoginViewController.swift; sourceTree = "<group>"; };
		1E4EE3892937809C00FEBEC1 /* Assets.xcassets */ = {isa = PBXFileReference; lastKnownFileType = folder.assetcatalog; path = Assets.xcassets; sourceTree = "<group>"; };
		1E4EE38C2937809C00FEBEC1 /* Base */ = {isa = PBXFileReference; lastKnownFileType = file.storyboard; name = Base; path = Base.lproj/LaunchScreen.storyboard; sourceTree = "<group>"; };
		1E4EE38E2937809C00FEBEC1 /* Info.plist */ = {isa = PBXFileReference; lastKnownFileType = text.plist.xml; path = Info.plist; sourceTree = "<group>"; };
		1E4EE3962937837500FEBEC1 /* LoginView.swift */ = {isa = PBXFileReference; lastKnownFileType = sourcecode.swift; path = LoginView.swift; sourceTree = "<group>"; };
		1E5B6162293A0A5E008FFE84 /* AccountSummaryViewController.swift */ = {isa = PBXFileReference; lastKnownFileType = sourcecode.swift; path = AccountSummaryViewController.swift; sourceTree = "<group>"; };
		1E5B6164293A0D44008FFE84 /* AccountSummaryHeaderView.swift */ = {isa = PBXFileReference; lastKnownFileType = sourcecode.swift; path = AccountSummaryHeaderView.swift; sourceTree = "<group>"; };
		1E5B6166293A0D73008FFE84 /* AccountSummaryHeaderView.xib */ = {isa = PBXFileReference; lastKnownFileType = file.xib; path = AccountSummaryHeaderView.xib; sourceTree = "<group>"; };
		1E9D5D60293916FB00FF1042 /* OnboardingContainerViewController.swift */ = {isa = PBXFileReference; lastKnownFileType = sourcecode.swift; path = OnboardingContainerViewController.swift; sourceTree = "<group>"; };
		1E9D5D6229391E9D00FF1042 /* OnboardingViewController.swift */ = {isa = PBXFileReference; lastKnownFileType = sourcecode.swift; path = OnboardingViewController.swift; sourceTree = "<group>"; };
		1E9D5D6429393CB500FF1042 /* DummyViewController.swift */ = {isa = PBXFileReference; lastKnownFileType = sourcecode.swift; path = DummyViewController.swift; sourceTree = "<group>"; };
		1E9D5D67293940EA00FF1042 /* LocalState.swift */ = {isa = PBXFileReference; lastKnownFileType = sourcecode.swift; path = LocalState.swift; sourceTree = "<group>"; };
		1E9D5D692939468800FF1042 /* UIViewController+Utils.swift */ = {isa = PBXFileReference; lastKnownFileType = sourcecode.swift; path = "UIViewController+Utils.swift"; sourceTree = "<group>"; };
		1E9D5D6B293947FE00FF1042 /* MainViewController.swift */ = {isa = PBXFileReference; lastKnownFileType = sourcecode.swift; path = MainViewController.swift; sourceTree = "<group>"; };
		1ED6C5C6293A19DB00373448 /* AccountSummaryCell.swift */ = {isa = PBXFileReference; lastKnownFileType = sourcecode.swift; path = AccountSummaryCell.swift; sourceTree = "<group>"; };
/* End PBXFileReference section */

/* Begin PBXFrameworksBuildPhase section */
		1E4EE37A2937809C00FEBEC1 /* Frameworks */ = {
			isa = PBXFrameworksBuildPhase;
			buildActionMask = 2147483647;
			files = (
			);
			runOnlyForDeploymentPostprocessing = 0;
		};
/* End PBXFrameworksBuildPhase section */

/* Begin PBXGroup section */
		1E4EE3742937809C00FEBEC1 = {
			isa = PBXGroup;
			children = (
				1E4EE37F2937809C00FEBEC1 /* Bankey */,
				1E4EE37E2937809C00FEBEC1 /* Products */,
			);
			sourceTree = "<group>";
		};
		1E4EE37E2937809C00FEBEC1 /* Products */ = {
			isa = PBXGroup;
			children = (
				1E4EE37D2937809C00FEBEC1 /* Bankey.app */,
			);
			name = Products;
			sourceTree = "<group>";
		};
		1E4EE37F2937809C00FEBEC1 /* Bankey */ = {
			isa = PBXGroup;
			children = (
				1E4EE3802937809C00FEBEC1 /* AppDelegate.swift */,
				1E9D5D6B293947FE00FF1042 /* MainViewController.swift */,
				1E4EE3952937835600FEBEC1 /* Login */,
				1E9D5D5F293916D200FF1042 /* Onboarding */,
				1E5B6161293A0A36008FFE84 /* AccountSummary */,
				1E9D5D66293940D900FF1042 /* Utils */,
				1E4EE3942937831600FEBEC1 /* Files */,
			);
			path = Bankey;
			sourceTree = "<group>";
		};
		1E4EE3942937831600FEBEC1 /* Files */ = {
			isa = PBXGroup;
			children = (
				1E4EE3892937809C00FEBEC1 /* Assets.xcassets */,
				1E4EE38B2937809C00FEBEC1 /* LaunchScreen.storyboard */,
				1E4EE38E2937809C00FEBEC1 /* Info.plist */,
			);
			name = Files;
			sourceTree = "<group>";
		};
		1E4EE3952937835600FEBEC1 /* Login */ = {
			isa = PBXGroup;
			children = (
				1E4EE3962937837500FEBEC1 /* LoginView.swift */,
				1E4EE3842937809C00FEBEC1 /* LoginViewController.swift */,
				1E9D5D6429393CB500FF1042 /* DummyViewController.swift */,
			);
			name = Login;
			sourceTree = "<group>";
		};
		1E5B6161293A0A36008FFE84 /* AccountSummary */ = {
			isa = PBXGroup;
			children = (
				1E5B6162293A0A5E008FFE84 /* AccountSummaryViewController.swift */,
				1ED6C5C4293A198E00373448 /* Header */,
				1ED6C5C5293A19B100373448 /* Cells */,
			);
			name = AccountSummary;
			sourceTree = "<group>";
		};
		1E9D5D5F293916D200FF1042 /* Onboarding */ = {
			isa = PBXGroup;
			children = (
				1E9D5D60293916FB00FF1042 /* OnboardingContainerViewController.swift */,
				1E9D5D6229391E9D00FF1042 /* OnboardingViewController.swift */,
			);
			name = Onboarding;
			sourceTree = "<group>";
		};
		1E9D5D66293940D900FF1042 /* Utils */ = {
			isa = PBXGroup;
			children = (
				1E9D5D67293940EA00FF1042 /* LocalState.swift */,
				1E9D5D692939468800FF1042 /* UIViewController+Utils.swift */,
			);
			name = Utils;
			sourceTree = "<group>";
		};
		1ED6C5C4293A198E00373448 /* Header */ = {
			isa = PBXGroup;
			children = (
				1E5B6166293A0D73008FFE84 /* AccountSummaryHeaderView.xib */,
				1E5B6164293A0D44008FFE84 /* AccountSummaryHeaderView.swift */,
			);
			name = Header;
			sourceTree = "<group>";
		};
		1ED6C5C5293A19B100373448 /* Cells */ = {
			isa = PBXGroup;
			children = (
				1ED6C5C6293A19DB00373448 /* AccountSummaryCell.swift */,
			);
			name = Cells;
			sourceTree = "<group>";
		};
/* End PBXGroup section */

/* Begin PBXNativeTarget section */
		1E4EE37C2937809C00FEBEC1 /* Bankey */ = {
			isa = PBXNativeTarget;
			buildConfigurationList = 1E4EE3912937809C00FEBEC1 /* Build configuration list for PBXNativeTarget "Bankey" */;
			buildPhases = (
				1E4EE3792937809C00FEBEC1 /* Sources */,
				1E4EE37A2937809C00FEBEC1 /* Frameworks */,
				1E4EE37B2937809C00FEBEC1 /* Resources */,
			);
			buildRules = (
			);
			dependencies = (
			);
			name = Bankey;
			productName = Bankey;
			productReference = 1E4EE37D2937809C00FEBEC1 /* Bankey.app */;
			productType = "com.apple.product-type.application";
		};
/* End PBXNativeTarget section */

/* Begin PBXProject section */
		1E4EE3752937809C00FEBEC1 /* Project object */ = {
			isa = PBXProject;
			attributes = {
				BuildIndependentTargetsInParallel = 1;
				LastSwiftUpdateCheck = 1400;
				LastUpgradeCheck = 1400;
				TargetAttributes = {
					1E4EE37C2937809C00FEBEC1 = {
						CreatedOnToolsVersion = 14.0;
					};
				};
			};
			buildConfigurationList = 1E4EE3782937809C00FEBEC1 /* Build configuration list for PBXProject "Bankey" */;
			compatibilityVersion = "Xcode 14.0";
			developmentRegion = en;
			hasScannedForEncodings = 0;
			knownRegions = (
				en,
				Base,
			);
			mainGroup = 1E4EE3742937809C00FEBEC1;
			productRefGroup = 1E4EE37E2937809C00FEBEC1 /* Products */;
			projectDirPath = "";
			projectRoot = "";
			targets = (
				1E4EE37C2937809C00FEBEC1 /* Bankey */,
			);
		};
/* End PBXProject section */

/* Begin PBXResourcesBuildPhase section */
		1E4EE37B2937809C00FEBEC1 /* Resources */ = {
			isa = PBXResourcesBuildPhase;
			buildActionMask = 2147483647;
			files = (
				1E5B6167293A0D73008FFE84 /* AccountSummaryHeaderView.xib in Resources */,
				1E4EE38D2937809C00FEBEC1 /* LaunchScreen.storyboard in Resources */,
				1E4EE38A2937809C00FEBEC1 /* Assets.xcassets in Resources */,
			);
			runOnlyForDeploymentPostprocessing = 0;
		};
/* End PBXResourcesBuildPhase section */

/* Begin PBXSourcesBuildPhase section */
		1E4EE3792937809C00FEBEC1 /* Sources */ = {
			isa = PBXSourcesBuildPhase;
			buildActionMask = 2147483647;
			files = (
				1E9D5D6A2939468800FF1042 /* UIViewController+Utils.swift in Sources */,
				1E4EE3972937837500FEBEC1 /* LoginView.swift in Sources */,
				1E9D5D68293940EA00FF1042 /* LocalState.swift in Sources */,
				1E5B6165293A0D44008FFE84 /* AccountSummaryHeaderView.swift in Sources */,
				1E9D5D6529393CB500FF1042 /* DummyViewController.swift in Sources */,
				1E4EE3852937809C00FEBEC1 /* LoginViewController.swift in Sources */,
				1ED6C5C7293A19DB00373448 /* AccountSummaryCell.swift in Sources */,
				1E9D5D6329391E9D00FF1042 /* OnboardingViewController.swift in Sources */,
				1E9D5D6C293947FE00FF1042 /* MainViewController.swift in Sources */,
				1E5B6163293A0A5E008FFE84 /* AccountSummaryViewController.swift in Sources */,
				1E4EE3812937809C00FEBEC1 /* AppDelegate.swift in Sources */,
				1E9D5D61293916FB00FF1042 /* OnboardingContainerViewController.swift in Sources */,
			);
			runOnlyForDeploymentPostprocessing = 0;
		};
/* End PBXSourcesBuildPhase section */

/* Begin PBXVariantGroup section */
		1E4EE38B2937809C00FEBEC1 /* LaunchScreen.storyboard */ = {
			isa = PBXVariantGroup;
			children = (
				1E4EE38C2937809C00FEBEC1 /* Base */,
			);
			name = LaunchScreen.storyboard;
			sourceTree = "<group>";
		};
/* End PBXVariantGroup section */

/* Begin XCBuildConfiguration section */
		1E4EE38F2937809C00FEBEC1 /* Debug */ = {
			isa = XCBuildConfiguration;
			buildSettings = {
				ALWAYS_SEARCH_USER_PATHS = NO;
				CLANG_ANALYZER_NONNULL = YES;
				CLANG_ANALYZER_NUMBER_OBJECT_CONVERSION = YES_AGGRESSIVE;
				CLANG_CXX_LANGUAGE_STANDARD = "gnu++20";
				CLANG_ENABLE_MODULES = YES;
				CLANG_ENABLE_OBJC_ARC = YES;
				CLANG_ENABLE_OBJC_WEAK = YES;
				CLANG_WARN_BLOCK_CAPTURE_AUTORELEASING = YES;
				CLANG_WARN_BOOL_CONVERSION = YES;
				CLANG_WARN_COMMA = YES;
				CLANG_WARN_CONSTANT_CONVERSION = YES;
				CLANG_WARN_DEPRECATED_OBJC_IMPLEMENTATIONS = YES;
				CLANG_WARN_DIRECT_OBJC_ISA_USAGE = YES_ERROR;
				CLANG_WARN_DOCUMENTATION_COMMENTS = YES;
				CLANG_WARN_EMPTY_BODY = YES;
				CLANG_WARN_ENUM_CONVERSION = YES;
				CLANG_WARN_INFINITE_RECURSION = YES;
				CLANG_WARN_INT_CONVERSION = YES;
				CLANG_WARN_NON_LITERAL_NULL_CONVERSION = YES;
				CLANG_WARN_OBJC_IMPLICIT_RETAIN_SELF = YES;
				CLANG_WARN_OBJC_LITERAL_CONVERSION = YES;
				CLANG_WARN_OBJC_ROOT_CLASS = YES_ERROR;
				CLANG_WARN_QUOTED_INCLUDE_IN_FRAMEWORK_HEADER = YES;
				CLANG_WARN_RANGE_LOOP_ANALYSIS = YES;
				CLANG_WARN_STRICT_PROTOTYPES = YES;
				CLANG_WARN_SUSPICIOUS_MOVE = YES;
				CLANG_WARN_UNGUARDED_AVAILABILITY = YES_AGGRESSIVE;
				CLANG_WARN_UNREACHABLE_CODE = YES;
				CLANG_WARN__DUPLICATE_METHOD_MATCH = YES;
				COPY_PHASE_STRIP = NO;
				DEBUG_INFORMATION_FORMAT = dwarf;
				ENABLE_STRICT_OBJC_MSGSEND = YES;
				ENABLE_TESTABILITY = YES;
				GCC_C_LANGUAGE_STANDARD = gnu11;
				GCC_DYNAMIC_NO_PIC = NO;
				GCC_NO_COMMON_BLOCKS = YES;
				GCC_OPTIMIZATION_LEVEL = 0;
				GCC_PREPROCESSOR_DEFINITIONS = (
					"DEBUG=1",
					"$(inherited)",
				);
				GCC_WARN_64_TO_32_BIT_CONVERSION = YES;
				GCC_WARN_ABOUT_RETURN_TYPE = YES_ERROR;
				GCC_WARN_UNDECLARED_SELECTOR = YES;
				GCC_WARN_UNINITIALIZED_AUTOS = YES_AGGRESSIVE;
				GCC_WARN_UNUSED_FUNCTION = YES;
				GCC_WARN_UNUSED_VARIABLE = YES;
				IPHONEOS_DEPLOYMENT_TARGET = 16.0;
				MTL_ENABLE_DEBUG_INFO = INCLUDE_SOURCE;
				MTL_FAST_MATH = YES;
				ONLY_ACTIVE_ARCH = YES;
				SDKROOT = iphoneos;
				SWIFT_ACTIVE_COMPILATION_CONDITIONS = DEBUG;
				SWIFT_OPTIMIZATION_LEVEL = "-Onone";
			};
			name = Debug;
		};
		1E4EE3902937809C00FEBEC1 /* Release */ = {
			isa = XCBuildConfiguration;
			buildSettings = {
				ALWAYS_SEARCH_USER_PATHS = NO;
				CLANG_ANALYZER_NONNULL = YES;
				CLANG_ANALYZER_NUMBER_OBJECT_CONVERSION = YES_AGGRESSIVE;
				CLANG_CXX_LANGUAGE_STANDARD = "gnu++20";
				CLANG_ENABLE_MODULES = YES;
				CLANG_ENABLE_OBJC_ARC = YES;
				CLANG_ENABLE_OBJC_WEAK = YES;
				CLANG_WARN_BLOCK_CAPTURE_AUTORELEASING = YES;
				CLANG_WARN_BOOL_CONVERSION = YES;
				CLANG_WARN_COMMA = YES;
				CLANG_WARN_CONSTANT_CONVERSION = YES;
				CLANG_WARN_DEPRECATED_OBJC_IMPLEMENTATIONS = YES;
				CLANG_WARN_DIRECT_OBJC_ISA_USAGE = YES_ERROR;
				CLANG_WARN_DOCUMENTATION_COMMENTS = YES;
				CLANG_WARN_EMPTY_BODY = YES;
				CLANG_WARN_ENUM_CONVERSION = YES;
				CLANG_WARN_INFINITE_RECURSION = YES;
				CLANG_WARN_INT_CONVERSION = YES;
				CLANG_WARN_NON_LITERAL_NULL_CONVERSION = YES;
				CLANG_WARN_OBJC_IMPLICIT_RETAIN_SELF = YES;
				CLANG_WARN_OBJC_LITERAL_CONVERSION = YES;
				CLANG_WARN_OBJC_ROOT_CLASS = YES_ERROR;
				CLANG_WARN_QUOTED_INCLUDE_IN_FRAMEWORK_HEADER = YES;
				CLANG_WARN_RANGE_LOOP_ANALYSIS = YES;
				CLANG_WARN_STRICT_PROTOTYPES = YES;
				CLANG_WARN_SUSPICIOUS_MOVE = YES;
				CLANG_WARN_UNGUARDED_AVAILABILITY = YES_AGGRESSIVE;
				CLANG_WARN_UNREACHABLE_CODE = YES;
				CLANG_WARN__DUPLICATE_METHOD_MATCH = YES;
				COPY_PHASE_STRIP = NO;
				DEBUG_INFORMATION_FORMAT = "dwarf-with-dsym";
				ENABLE_NS_ASSERTIONS = NO;
				ENABLE_STRICT_OBJC_MSGSEND = YES;
				GCC_C_LANGUAGE_STANDARD = gnu11;
				GCC_NO_COMMON_BLOCKS = YES;
				GCC_WARN_64_TO_32_BIT_CONVERSION = YES;
				GCC_WARN_ABOUT_RETURN_TYPE = YES_ERROR;
				GCC_WARN_UNDECLARED_SELECTOR = YES;
				GCC_WARN_UNINITIALIZED_AUTOS = YES_AGGRESSIVE;
				GCC_WARN_UNUSED_FUNCTION = YES;
				GCC_WARN_UNUSED_VARIABLE = YES;
				IPHONEOS_DEPLOYMENT_TARGET = 16.0;
				MTL_ENABLE_DEBUG_INFO = NO;
				MTL_FAST_MATH = YES;
				SDKROOT = iphoneos;
				SWIFT_COMPILATION_MODE = wholemodule;
				SWIFT_OPTIMIZATION_LEVEL = "-O";
				VALIDATE_PRODUCT = YES;
			};
			name = Release;
		};
		1E4EE3922937809C00FEBEC1 /* Debug */ = {
			isa = XCBuildConfiguration;
			buildSettings = {
				ASSETCATALOG_COMPILER_APPICON_NAME = AppIcon;
				ASSETCATALOG_COMPILER_GLOBAL_ACCENT_COLOR_NAME = AccentColor;
				CODE_SIGN_STYLE = Automatic;
				CURRENT_PROJECT_VERSION = 1;
				DEVELOPMENT_TEAM = FU45F4SL37;
				GENERATE_INFOPLIST_FILE = YES;
				INFOPLIST_FILE = Bankey/Info.plist;
				INFOPLIST_KEY_UIApplicationSupportsIndirectInputEvents = YES;
				INFOPLIST_KEY_UILaunchStoryboardName = LaunchScreen;
				INFOPLIST_KEY_UISupportedInterfaceOrientations_iPad = "UIInterfaceOrientationPortrait UIInterfaceOrientationPortraitUpsideDown UIInterfaceOrientationLandscapeLeft UIInterfaceOrientationLandscapeRight";
				INFOPLIST_KEY_UISupportedInterfaceOrientations_iPhone = "UIInterfaceOrientationPortrait UIInterfaceOrientationLandscapeLeft UIInterfaceOrientationLandscapeRight";
				LD_RUNPATH_SEARCH_PATHS = (
					"$(inherited)",
					"@executable_path/Frameworks",
				);
				MARKETING_VERSION = 1.0;
				PRODUCT_BUNDLE_IDENTIFIER = com.ogrodowskitomasz.Bankey;
				PRODUCT_NAME = "$(TARGET_NAME)";
				SWIFT_EMIT_LOC_STRINGS = YES;
				SWIFT_VERSION = 5.0;
				TARGETED_DEVICE_FAMILY = "1,2";
			};
			name = Debug;
		};
		1E4EE3932937809C00FEBEC1 /* Release */ = {
			isa = XCBuildConfiguration;
			buildSettings = {
				ASSETCATALOG_COMPILER_APPICON_NAME = AppIcon;
				ASSETCATALOG_COMPILER_GLOBAL_ACCENT_COLOR_NAME = AccentColor;
				CODE_SIGN_STYLE = Automatic;
				CURRENT_PROJECT_VERSION = 1;
				DEVELOPMENT_TEAM = FU45F4SL37;
				GENERATE_INFOPLIST_FILE = YES;
				INFOPLIST_FILE = Bankey/Info.plist;
				INFOPLIST_KEY_UIApplicationSupportsIndirectInputEvents = YES;
				INFOPLIST_KEY_UILaunchStoryboardName = LaunchScreen;
				INFOPLIST_KEY_UISupportedInterfaceOrientations_iPad = "UIInterfaceOrientationPortrait UIInterfaceOrientationPortraitUpsideDown UIInterfaceOrientationLandscapeLeft UIInterfaceOrientationLandscapeRight";
				INFOPLIST_KEY_UISupportedInterfaceOrientations_iPhone = "UIInterfaceOrientationPortrait UIInterfaceOrientationLandscapeLeft UIInterfaceOrientationLandscapeRight";
				LD_RUNPATH_SEARCH_PATHS = (
					"$(inherited)",
					"@executable_path/Frameworks",
				);
				MARKETING_VERSION = 1.0;
				PRODUCT_BUNDLE_IDENTIFIER = com.ogrodowskitomasz.Bankey;
				PRODUCT_NAME = "$(TARGET_NAME)";
				SWIFT_EMIT_LOC_STRINGS = YES;
				SWIFT_VERSION = 5.0;
				TARGETED_DEVICE_FAMILY = "1,2";
			};
			name = Release;
		};
/* End XCBuildConfiguration section */

/* Begin XCConfigurationList section */
		1E4EE3782937809C00FEBEC1 /* Build configuration list for PBXProject "Bankey" */ = {
			isa = XCConfigurationList;
			buildConfigurations = (
				1E4EE38F2937809C00FEBEC1 /* Debug */,
				1E4EE3902937809C00FEBEC1 /* Release */,
			);
			defaultConfigurationIsVisible = 0;
			defaultConfigurationName = Release;
		};
		1E4EE3912937809C00FEBEC1 /* Build configuration list for PBXNativeTarget "Bankey" */ = {
			isa = XCConfigurationList;
			buildConfigurations = (
				1E4EE3922937809C00FEBEC1 /* Debug */,
				1E4EE3932937809C00FEBEC1 /* Release */,
			);
			defaultConfigurationIsVisible = 0;
			defaultConfigurationName = Release;
		};
/* End XCConfigurationList section */
	};
	rootObject = 1E4EE3752937809C00FEBEC1 /* Project object */;
}
